
Microsoft Visual Studio Solution File, Format Version 12.00
# Visual Studio Version 17
VisualStudioVersion = 17.4.33110.190
MinimumVisualStudioVersion = 10.0.40219.1
Project("{FAE04EC0-301F-11D3-BF4B-00C04F79EFBC}") = "FirstCSharpProgram", "FirstCSharpProgram.csproj", "{CC19E568-9D16-4906-B671-0226ABD81D18}"
EndProject
Global
	GlobalSection(SolutionConfigurationPlatforms) = preSolution
		Debug|Any CPU = Debug|Any CPU
		Release|Any CPU = Release|Any CPU
	EndGlobalSection
	GlobalSection(ProjectConfigurationPlatforms) = postSolution
		{CC19E568-9D16-4906-B671-0226ABD81D18}.Debug|Any CPU.ActiveCfg = Debug|Any CPU
		{CC19E568-9D16-4906-B671-0226ABD81D18}.Debug|Any CPU.Build.0 = Debug|Any CPU
		{CC19E568-9D16-4906-B671-0226ABD81D18}.Release|Any CPU.ActiveCfg = Release|Any CPU
		{CC19E568-9D16-4906-B671-0226ABD81D18}.Release|Any CPU.Build.0 = Release|Any CPU
	EndGlobalSection
	GlobalSection(SolutionProperties) = preSolution
		HideSolutionNode = FALSE
	EndGlobalSection
	GlobalSection(ExtensibilityGlobals) = postSolution
		SolutionGuid = {CAC956B9-52AF-40B7-A45D-8A4F059942E3}
	EndGlobalSection
EndGlobal
