
Microsoft Visual Studio Solution File, Format Version 12.00
# Visual Studio Version 17
VisualStudioVersion = 17.4.33110.190
MinimumVisualStudioVersion = 10.0.40219.1
Project("{FAE04EC0-301F-11D3-BF4B-00C04F79EFBC}") = "StringManipulation", "StringManipulation.csproj", "{F5EA412F-4A18-4A38-8FD1-711A99F1DEE4}"
EndProject
Global
	GlobalSection(SolutionConfigurationPlatforms) = preSolution
		Debug|Any CPU = Debug|Any CPU
		Release|Any CPU = Release|Any CPU
	EndGlobalSection
	GlobalSection(ProjectConfigurationPlatforms) = postSolution
		{F5EA412F-4A18-4A38-8FD1-711A99F1DEE4}.Debug|Any CPU.ActiveCfg = Debug|Any CPU
		{F5EA412F-4A18-4A38-8FD1-711A99F1DEE4}.Debug|Any CPU.Build.0 = Debug|Any CPU
		{F5EA412F-4A18-4A38-8FD1-711A99F1DEE4}.Release|Any CPU.ActiveCfg = Release|Any CPU
		{F5EA412F-4A18-4A38-8FD1-711A99F1DEE4}.Release|Any CPU.Build.0 = Release|Any CPU
	EndGlobalSection
	GlobalSection(SolutionProperties) = preSolution
		HideSolutionNode = FALSE
	EndGlobalSection
	GlobalSection(ExtensibilityGlobals) = postSolution
		SolutionGuid = {17F2E8E0-4253-4087-9374-4E79EFE10851}
	EndGlobalSection
EndGlobal
