
Microsoft Visual Studio Solution File, Format Version 12.00
# Visual Studio Version 17
VisualStudioVersion = 17.4.33110.190
MinimumVisualStudioVersion = 10.0.40219.1
Project("{FAE04EC0-301F-11D3-BF4B-00C04F79EFBC}") = "ImplicitExplicitConversion", "ImplicitExplicitConversion.csproj", "{6213FCED-C458-4952-AE1C-C7A60918AE46}"
EndProject
Global
	GlobalSection(SolutionConfigurationPlatforms) = preSolution
		Debug|Any CPU = Debug|Any CPU
		Release|Any CPU = Release|Any CPU
	EndGlobalSection
	GlobalSection(ProjectConfigurationPlatforms) = postSolution
		{6213FCED-C458-4952-AE1C-C7A60918AE46}.Debug|Any CPU.ActiveCfg = Debug|Any CPU
		{6213FCED-C458-4952-AE1C-C7A60918AE46}.Debug|Any CPU.Build.0 = Debug|Any CPU
		{6213FCED-C458-4952-AE1C-C7A60918AE46}.Release|Any CPU.ActiveCfg = Release|Any CPU
		{6213FCED-C458-4952-AE1C-C7A60918AE46}.Release|Any CPU.Build.0 = Release|Any CPU
	EndGlobalSection
	GlobalSection(SolutionProperties) = preSolution
		HideSolutionNode = FALSE
	EndGlobalSection
	GlobalSection(ExtensibilityGlobals) = postSolution
		SolutionGuid = {0283AAEF-E8A9-484D-A151-1A0FF67AF457}
	EndGlobalSection
EndGlobal
